
Microsoft Visual Studio Solution File, Format Version 11.00
# Visual Studio 2010
Project("{FAE04EC0-301F-11D3-BF4B-00C04F79EFBC}") = "Unity.Timeline", "Unity.Timeline.csproj", "{0682cf69-ae54-bd28-a53b-6f00ea02286d}"
EndProject
Project("{FAE04EC0-301F-11D3-BF4B-00C04F79EFBC}") = "Unity.Timeline.Editor", "Unity.Timeline.Editor.csproj", "{c0f3567c-bb9b-ca4b-dd7a-1561517f0815}"
EndProject
Project("{FAE04EC0-301F-11D3-BF4B-00C04F79EFBC}") = "Unity.2D.Tilemap.Editor", "Unity.2D.Tilemap.Editor.csproj", "{25811cf0-2c4f-79f2-bbdd-26fbc12af4bb}"
EndProject
Project("{FAE04EC0-301F-11D3-BF4B-00C04F79EFBC}") = "Unity.TextMeshPro.Editor", "Unity.TextMeshPro.Editor.csproj", "{b2e4bc82-698c-b792-38ec-8a9e1d0aad62}"
EndProject
Project("{FAE04EC0-301F-11D3-BF4B-00C04F79EFBC}") = "Unity.VisualScripting.Flow", "Unity.VisualScripting.Flow.csproj", "{c3aa4c7b-bc83-cd17-b478-167540075f3f}"
EndProject
Project("{FAE04EC0-301F-11D3-BF4B-00C04F79EFBC}") = "UnityEditor.UI", "UnityEditor.UI.csproj", "{23d64cb5-0ce0-ee25-b295-955dc613da55}"
EndProject
Project("{FAE04EC0-301F-11D3-BF4B-00C04F79EFBC}") = "Unity.ProBuilder", "Unity.ProBuilder.csproj", "{e3341f4a-9789-62c6-47cc-60d780f02401}"
EndProject
Project("{FAE04EC0-301F-11D3-BF4B-00C04F79EFBC}") = "Unity.PlasticSCM.Editor", "Unity.PlasticSCM.Editor.csproj", "{2592052e-150a-5772-50ac-38f489715bbd}"
EndProject
Project("{FAE04EC0-301F-11D3-BF4B-00C04F79EFBC}") = "Unity.ProBuilder.Editor", "Unity.ProBuilder.Editor.csproj", "{b77a9614-7f6e-a9ca-c8ac-25283e330a27}"
EndProject
Project("{FAE04EC0-301F-11D3-BF4B-00C04F79EFBC}") = "Unity.VisualScripting.Core", "Unity.VisualScripting.Core.csproj", "{6f0a71fe-f218-4520-bd69-da761a002621}"
EndProject
Project("{FAE04EC0-301F-11D3-BF4B-00C04F79EFBC}") = "Unity.VisualScripting.Core.Editor", "Unity.VisualScripting.Core.Editor.csproj", "{dcfaa6e9-6a4b-c972-4d16-3b688a2a6196}"
EndProject
Project("{FAE04EC0-301F-11D3-BF4B-00C04F79EFBC}") = "Unity.VisualScripting.Flow.Editor", "Unity.VisualScripting.Flow.Editor.csproj", "{33ce1b5c-f3a4-aad3-83be-161397394c18}"
EndProject
Project("{FAE04EC0-301F-11D3-BF4B-00C04F79EFBC}") = "UnityEditor.TestRunner", "UnityEditor.TestRunner.csproj", "{ccd5b0ed-2249-ee00-114b-9d78f33670a6}"
EndProject
Project("{FAE04EC0-301F-11D3-BF4B-00C04F79EFBC}") = "Unity.ProBuilder.Poly2Tri", "Unity.ProBuilder.Poly2Tri.csproj", "{c3307e96-9507-6e5d-f91f-5847767cdc83}"
EndProject
Project("{FAE04EC0-301F-11D3-BF4B-00C04F79EFBC}") = "Unity.VisualScripting.SettingsProvider.Editor", "Unity.VisualScripting.SettingsProvider.Editor.csproj", "{5eac1d7c-3866-ea0c-b1a9-8f20e587f290}"
EndProject
Project("{FAE04EC0-301F-11D3-BF4B-00C04F79EFBC}") = "UnityEngine.TestRunner", "UnityEngine.TestRunner.csproj", "{86543b13-e043-7549-3e7e-b01ae616c3b3}"
EndProject
Project("{FAE04EC0-301F-11D3-BF4B-00C04F79EFBC}") = "UnityEngine.UI", "UnityEngine.UI.csproj", "{5b460586-b5d6-28b5-c30c-3fe771819400}"
EndProject
Project("{FAE04EC0-301F-11D3-BF4B-00C04F79EFBC}") = "Unity.ProBuilder.Csg", "Unity.ProBuilder.Csg.csproj", "{561adb7b-c1e1-a2e7-039f-908ead9ef907}"
EndProject
Project("{FAE04EC0-301F-11D3-BF4B-00C04F79EFBC}") = "Unity.VisualStudio.Editor", "Unity.VisualStudio.Editor.csproj", "{248616e8-c025-3f19-2a22-c0a2128d565a}"
EndProject
Project("{FAE04EC0-301F-11D3-BF4B-00C04F79EFBC}") = "Unity.2D.Tilemap.Extras.Editor", "Unity.2D.Tilemap.Extras.Editor.csproj", "{1a23c18c-8bf5-4a45-9be9-13207c79a800}"
EndProject
Project("{FAE04EC0-301F-11D3-BF4B-00C04F79EFBC}") = "Unity.TestTools.CodeCoverage.Editor.OpenCover.Model", "Unity.TestTools.CodeCoverage.Editor.OpenCover.Model.csproj", "{309f7855-7f36-6f61-c477-e17e7acf4e43}"
EndProject
Project("{FAE04EC0-301F-11D3-BF4B-00C04F79EFBC}") = "Unity.Rider.Editor", "Unity.Rider.Editor.csproj", "{e48a2253-8bb5-ee8a-7566-eb2422bb0bfd}"
EndProject
Project("{FAE04EC0-301F-11D3-BF4B-00C04F79EFBC}") = "Unity.VisualScripting.State.Editor", "Unity.VisualScripting.State.Editor.csproj", "{b7b2bb1a-1801-ea41-2344-68476bbe6f00}"
EndProject
Project("{FAE04EC0-301F-11D3-BF4B-00C04F79EFBC}") = "Unity.TestTools.CodeCoverage.Editor", "Unity.TestTools.CodeCoverage.Editor.csproj", "{1f270a4f-ada1-8c87-b44b-4b24b6649add}"
EndProject
Project("{FAE04EC0-301F-11D3-BF4B-00C04F79EFBC}") = "Unity.2D.Tilemap.Extras", "Unity.2D.Tilemap.Extras.csproj", "{fc2f9ff2-7032-7fe8-cdfc-0631a42530d0}"
EndProject
Project("{FAE04EC0-301F-11D3-BF4B-00C04F79EFBC}") = "Unity.VisualScripting.State", "Unity.VisualScripting.State.csproj", "{5413b430-79ca-fd02-63a7-6a4bee49e55e}"
EndProject
Project("{FAE04EC0-301F-11D3-BF4B-00C04F79EFBC}") = "Unity.TextMeshPro", "Unity.TextMeshPro.csproj", "{13d78ba2-55cf-9fc1-01a0-dd3230d05632}"
EndProject
Project("{FAE04EC0-301F-11D3-BF4B-00C04F79EFBC}") = "Assembly-CSharp", "Assembly-CSharp.csproj", "{8c613eff-c86a-4562-ed15-f49fa2974772}"
EndProject
Project("{FAE04EC0-301F-11D3-BF4B-00C04F79EFBC}") = "Unity.Performance.Profile-Analyzer.Editor", "Unity.Performance.Profile-Analyzer.Editor.csproj", "{79968886-c1fc-d319-7b56-6276c3b02877}"
EndProject
Project("{FAE04EC0-301F-11D3-BF4B-00C04F79EFBC}") = "Unity.VSCode.Editor", "Unity.VSCode.Editor.csproj", "{2c186294-7386-8363-6634-50e28d23837b}"
EndProject
Project("{FAE04EC0-301F-11D3-BF4B-00C04F79EFBC}") = "Unity.TestTools.CodeCoverage.Editor.OpenCover.Mono.Reflection", "Unity.TestTools.CodeCoverage.Editor.OpenCover.Mono.Reflection.csproj", "{24dd3c4c-fd8b-dc60-573a-23b6fe864e7f}"
EndProject
Project("{FAE04EC0-301F-11D3-BF4B-00C04F79EFBC}") = "Unity.ProBuilder.Stl", "Unity.ProBuilder.Stl.csproj", "{df1ed5d0-c4de-ce67-009a-3d67bbd32d6d}"
EndProject
Project("{FAE04EC0-301F-11D3-BF4B-00C04F79EFBC}") = "Unity.Settings.Editor", "Unity.Settings.Editor.csproj", "{dc25d6e3-2410-a768-6c62-f26c00be9de8}"
EndProject
Project("{FAE04EC0-301F-11D3-BF4B-00C04F79EFBC}") = "Unity.ProBuilder.AssetIdRemapUtility", "Unity.ProBuilder.AssetIdRemapUtility.csproj", "{da99361f-7a77-9bfb-a14a-6411629a3e9d}"
EndProject
Project("{FAE04EC0-301F-11D3-BF4B-00C04F79EFBC}") = "Unity.ProBuilder.KdTree", "Unity.ProBuilder.KdTree.csproj", "{7350b5ea-c055-c74d-593a-bddd28498591}"
EndProject
Project("{FAE04EC0-301F-11D3-BF4B-00C04F79EFBC}") = "Unity.ProBuilder.AddOns.Editor", "Unity.ProBuilder.AddOns.Editor.csproj", "{380540ba-4cb4-488e-6256-05dc439a4c6a}"
EndProject
Project("{FAE04EC0-301F-11D3-BF4B-00C04F79EFBC}") = "Unity.EditorCoroutines.Editor", "Unity.EditorCoroutines.Editor.csproj", "{de38a281-a8ed-ccf2-d386-a3e1693ee0aa}"
EndProject
Project("{FAE04EC0-301F-11D3-BF4B-00C04F79EFBC}") = "Unity.VisualScripting.Shared.Editor", "Unity.VisualScripting.Shared.Editor.csproj", "{c30ee25a-fd73-539c-2889-5d01edb3b128}"
EndProject
Project("{FAE04EC0-301F-11D3-BF4B-00C04F79EFBC}") = "Unity.CollabProxy.Editor", "Unity.CollabProxy.Editor.csproj", "{aefd6666-f96e-fbee-4a7c-45733cee2010}"
EndProject
Project("{FAE04EC0-301F-11D3-BF4B-00C04F79EFBC}") = "Assembly-CSharp-firstpass", "Assembly-CSharp-firstpass.csproj", "{cd5165ac-a087-6f39-d958-4c53697bdc0a}"
EndProject
Project("{FAE04EC0-301F-11D3-BF4B-00C04F79EFBC}") = "Unity.Timeline", "Unity.Timeline.Player.csproj", "{3fc94c51-252b-8182-77fa-c8d362707cfa}"
EndProject
Project("{FAE04EC0-301F-11D3-BF4B-00C04F79EFBC}") = "Unity.VisualScripting.Flow", "Unity.VisualScripting.Flow.Player.csproj", "{a841c93e-bb35-4d12-97ef-281c06e988fa}"
EndProject
Project("{FAE04EC0-301F-11D3-BF4B-00C04F79EFBC}") = "Unity.ProBuilder", "Unity.ProBuilder.Player.csproj", "{4a12c0f0-e550-6404-0c60-583660a19bb2}"
EndProject
Project("{FAE04EC0-301F-11D3-BF4B-00C04F79EFBC}") = "Unity.VisualScripting.Core", "Unity.VisualScripting.Core.Player.csproj", "{39ace3b6-964d-b88b-ec6e-811a89cc8d07}"
EndProject
Project("{FAE04EC0-301F-11D3-BF4B-00C04F79EFBC}") = "Unity.ProBuilder.Poly2Tri", "Unity.ProBuilder.Poly2Tri.Player.csproj", "{09698a5f-c157-1fe2-4ce7-4834a7fad806}"
EndProject
Project("{FAE04EC0-301F-11D3-BF4B-00C04F79EFBC}") = "UnityEngine.TestRunner", "UnityEngine.TestRunner.Player.csproj", "{51c037d2-5a15-ab99-f34e-004ecac7881e}"
EndProject
Project("{FAE04EC0-301F-11D3-BF4B-00C04F79EFBC}") = "UnityEngine.UI", "UnityEngine.UI.Player.csproj", "{47fa2928-ccab-5a20-ae5f-3fe2d1e23097}"
EndProject
Project("{FAE04EC0-301F-11D3-BF4B-00C04F79EFBC}") = "Unity.ProBuilder.Csg", "Unity.ProBuilder.Csg.Player.csproj", "{692b759a-87cf-2964-e92f-1d5bfe50d491}"
EndProject
Project("{FAE04EC0-301F-11D3-BF4B-00C04F79EFBC}") = "Unity.2D.Tilemap.Extras", "Unity.2D.Tilemap.Extras.Player.csproj", "{f2843408-ba84-a51e-d77b-0f62e82c61a2}"
EndProject
Project("{FAE04EC0-301F-11D3-BF4B-00C04F79EFBC}") = "Unity.VisualScripting.State", "Unity.VisualScripting.State.Player.csproj", "{a57b6471-2549-7e9b-ffe6-66babf9f2763}"
EndProject
Project("{FAE04EC0-301F-11D3-BF4B-00C04F79EFBC}") = "Unity.TextMeshPro", "Unity.TextMeshPro.Player.csproj", "{c00f5923-a681-f336-f486-cc4416e0d240}"
EndProject
Project("{FAE04EC0-301F-11D3-BF4B-00C04F79EFBC}") = "Assembly-CSharp", "Assembly-CSharp.Player.csproj", "{5fbfac8a-c537-8833-ec22-7ea455f27de1}"
EndProject
Project("{FAE04EC0-301F-11D3-BF4B-00C04F79EFBC}") = "Unity.ProBuilder.Stl", "Unity.ProBuilder.Stl.Player.csproj", "{62701d3d-128f-363e-b3dc-eea7820d95ec}"
EndProject
Project("{FAE04EC0-301F-11D3-BF4B-00C04F79EFBC}") = "Unity.ProBuilder.KdTree", "Unity.ProBuilder.KdTree.Player.csproj", "{d2535020-1ea0-0e9e-4c65-7848d54d1aef}"
EndProject
Project("{FAE04EC0-301F-11D3-BF4B-00C04F79EFBC}") = "Assembly-CSharp-firstpass", "Assembly-CSharp-firstpass.Player.csproj", "{4e01e3d7-bc2d-c9ec-32f6-d3a67fe2b716}"
EndProject
Project("{FAE04EC0-301F-11D3-BF4B-00C04F79EFBC}") = "UnityEngine.UI.Tests", "UnityEngine.UI.Tests.csproj", "{1d4d059d-2318-bdb5-b3c1-99dd57d155d9}"
EndProject
Project("{FAE04EC0-301F-11D3-BF4B-00C04F79EFBC}") = "Assembly-CSharp-Editor", "Assembly-CSharp-Editor.csproj", "{2d248106-0f72-cab8-2f00-3034fcb69118}"
EndProject
Project("{FAE04EC0-301F-11D3-BF4B-00C04F79EFBC}") = "UnityEditor.UI.EditorTests", "UnityEditor.UI.EditorTests.csproj", "{92c08f5a-66bc-cde5-0d26-13b48258345a}"
EndProject
Project("{FAE04EC0-301F-11D3-BF4B-00C04F79EFBC}") = "Unity.TextMeshPro.Tests", "Unity.TextMeshPro.Tests.csproj", "{e72d2e39-3ad9-2f38-9967-fa0dbf7ac016}"
EndProject
Project("{FAE04EC0-301F-11D3-BF4B-00C04F79EFBC}") = "Unity.2D.Tilemap.Package.EditorTests", "Unity.2D.Tilemap.Package.EditorTests.csproj", "{817aa190-1df4-4c69-dff5-a7bc16e6cda1}"
EndProject
Project("{FAE04EC0-301F-11D3-BF4B-00C04F79EFBC}") = "DocCodeExamples", "DocCodeExamples.csproj", "{b522b081-8072-391e-9370-846254474e8b}"
EndProject
Project("{FAE04EC0-301F-11D3-BF4B-00C04F79EFBC}") = "Unity.TestTools.CodeCoverage.Editor.Compatibility", "Unity.TestTools.CodeCoverage.Editor.Compatibility.csproj", "{b276697c-4838-acaf-4897-246bb7e912de}"
EndProject
Project("{FAE04EC0-301F-11D3-BF4B-00C04F79EFBC}") = "Unity.TextMeshPro.Editor.Tests", "Unity.TextMeshPro.Editor.Tests.csproj", "{563a752d-1f9f-c622-4265-7a1424b73f50}"
EndProject
Project("{FAE04EC0-301F-11D3-BF4B-00C04F79EFBC}") = "Unity.Settings.Tests", "Unity.Settings.Tests.csproj", "{11ed3a1d-d960-1240-1975-a02fe288ace5}"
EndProject
Project("{FAE04EC0-301F-11D3-BF4B-00C04F79EFBC}") = "Unity.2D.Tilemap.Extras.Placeholder.EditorTests", "Unity.2D.Tilemap.Extras.Placeholder.EditorTests.csproj", "{9d56ea12-4f76-8310-5e60-5762fbc441c7}"
EndProject
Project("{FAE04EC0-301F-11D3-BF4B-00C04F79EFBC}") = "Unity.Performance.Profile-Analyzer.EditorTests", "Unity.Performance.Profile-Analyzer.EditorTests.csproj", "{6756e201-d685-fb9e-b2ac-3536553a61d8}"
EndProject
Global
	GlobalSection(SolutionConfigurationPlatforms) = preSolution
		Debug|Any CPU = Debug|Any CPU
	EndGlobalSection
	GlobalSection(ProjectConfigurationPlatforms) = postSolution
		{0682cf69-ae54-bd28-a53b-6f00ea02286d}.Debug|Any CPU.ActiveCfg = Debug|Any CPU
		{0682cf69-ae54-bd28-a53b-6f00ea02286d}.Debug|Any CPU.Build.0 = Debug|Any CPU
		{c0f3567c-bb9b-ca4b-dd7a-1561517f0815}.Debug|Any CPU.ActiveCfg = Debug|Any CPU
		{c0f3567c-bb9b-ca4b-dd7a-1561517f0815}.Debug|Any CPU.Build.0 = Debug|Any CPU
		{25811cf0-2c4f-79f2-bbdd-26fbc12af4bb}.Debug|Any CPU.ActiveCfg = Debug|Any CPU
		{25811cf0-2c4f-79f2-bbdd-26fbc12af4bb}.Debug|Any CPU.Build.0 = Debug|Any CPU
		{b2e4bc82-698c-b792-38ec-8a9e1d0aad62}.Debug|Any CPU.ActiveCfg = Debug|Any CPU
		{b2e4bc82-698c-b792-38ec-8a9e1d0aad62}.Debug|Any CPU.Build.0 = Debug|Any CPU
		{c3aa4c7b-bc83-cd17-b478-167540075f3f}.Debug|Any CPU.ActiveCfg = Debug|Any CPU
		{c3aa4c7b-bc83-cd17-b478-167540075f3f}.Debug|Any CPU.Build.0 = Debug|Any CPU
		{23d64cb5-0ce0-ee25-b295-955dc613da55}.Debug|Any CPU.ActiveCfg = Debug|Any CPU
		{23d64cb5-0ce0-ee25-b295-955dc613da55}.Debug|Any CPU.Build.0 = Debug|Any CPU
		{e3341f4a-9789-62c6-47cc-60d780f02401}.Debug|Any CPU.ActiveCfg = Debug|Any CPU
		{e3341f4a-9789-62c6-47cc-60d780f02401}.Debug|Any CPU.Build.0 = Debug|Any CPU
		{2592052e-150a-5772-50ac-38f489715bbd}.Debug|Any CPU.ActiveCfg = Debug|Any CPU
		{2592052e-150a-5772-50ac-38f489715bbd}.Debug|Any CPU.Build.0 = Debug|Any CPU
		{b77a9614-7f6e-a9ca-c8ac-25283e330a27}.Debug|Any CPU.ActiveCfg = Debug|Any CPU
		{b77a9614-7f6e-a9ca-c8ac-25283e330a27}.Debug|Any CPU.Build.0 = Debug|Any CPU
		{6f0a71fe-f218-4520-bd69-da761a002621}.Debug|Any CPU.ActiveCfg = Debug|Any CPU
		{6f0a71fe-f218-4520-bd69-da761a002621}.Debug|Any CPU.Build.0 = Debug|Any CPU
		{dcfaa6e9-6a4b-c972-4d16-3b688a2a6196}.Debug|Any CPU.ActiveCfg = Debug|Any CPU
		{dcfaa6e9-6a4b-c972-4d16-3b688a2a6196}.Debug|Any CPU.Build.0 = Debug|Any CPU
		{33ce1b5c-f3a4-aad3-83be-161397394c18}.Debug|Any CPU.ActiveCfg = Debug|Any CPU
		{33ce1b5c-f3a4-aad3-83be-161397394c18}.Debug|Any CPU.Build.0 = Debug|Any CPU
		{ccd5b0ed-2249-ee00-114b-9d78f33670a6}.Debug|Any CPU.ActiveCfg = Debug|Any CPU
		{ccd5b0ed-2249-ee00-114b-9d78f33670a6}.Debug|Any CPU.Build.0 = Debug|Any CPU
		{c3307e96-9507-6e5d-f91f-5847767cdc83}.Debug|Any CPU.ActiveCfg = Debug|Any CPU
		{c3307e96-9507-6e5d-f91f-5847767cdc83}.Debug|Any CPU.Build.0 = Debug|Any CPU
		{5eac1d7c-3866-ea0c-b1a9-8f20e587f290}.Debug|Any CPU.ActiveCfg = Debug|Any CPU
		{5eac1d7c-3866-ea0c-b1a9-8f20e587f290}.Debug|Any CPU.Build.0 = Debug|Any CPU
		{86543b13-e043-7549-3e7e-b01ae616c3b3}.Debug|Any CPU.ActiveCfg = Debug|Any CPU
		{86543b13-e043-7549-3e7e-b01ae616c3b3}.Debug|Any CPU.Build.0 = Debug|Any CPU
		{5b460586-b5d6-28b5-c30c-3fe771819400}.Debug|Any CPU.ActiveCfg = Debug|Any CPU
		{5b460586-b5d6-28b5-c30c-3fe771819400}.Debug|Any CPU.Build.0 = Debug|Any CPU
		{561adb7b-c1e1-a2e7-039f-908ead9ef907}.Debug|Any CPU.ActiveCfg = Debug|Any CPU
		{561adb7b-c1e1-a2e7-039f-908ead9ef907}.Debug|Any CPU.Build.0 = Debug|Any CPU
		{248616e8-c025-3f19-2a22-c0a2128d565a}.Debug|Any CPU.ActiveCfg = Debug|Any CPU
		{248616e8-c025-3f19-2a22-c0a2128d565a}.Debug|Any CPU.Build.0 = Debug|Any CPU
		{1a23c18c-8bf5-4a45-9be9-13207c79a800}.Debug|Any CPU.ActiveCfg = Debug|Any CPU
		{1a23c18c-8bf5-4a45-9be9-13207c79a800}.Debug|Any CPU.Build.0 = Debug|Any CPU
		{309f7855-7f36-6f61-c477-e17e7acf4e43}.Debug|Any CPU.ActiveCfg = Debug|Any CPU
		{309f7855-7f36-6f61-c477-e17e7acf4e43}.Debug|Any CPU.Build.0 = Debug|Any CPU
		{e48a2253-8bb5-ee8a-7566-eb2422bb0bfd}.Debug|Any CPU.ActiveCfg = Debug|Any CPU
		{e48a2253-8bb5-ee8a-7566-eb2422bb0bfd}.Debug|Any CPU.Build.0 = Debug|Any CPU
		{b7b2bb1a-1801-ea41-2344-68476bbe6f00}.Debug|Any CPU.ActiveCfg = Debug|Any CPU
		{b7b2bb1a-1801-ea41-2344-68476bbe6f00}.Debug|Any CPU.Build.0 = Debug|Any CPU
		{1f270a4f-ada1-8c87-b44b-4b24b6649add}.Debug|Any CPU.ActiveCfg = Debug|Any CPU
		{1f270a4f-ada1-8c87-b44b-4b24b6649add}.Debug|Any CPU.Build.0 = Debug|Any CPU
		{fc2f9ff2-7032-7fe8-cdfc-0631a42530d0}.Debug|Any CPU.ActiveCfg = Debug|Any CPU
		{fc2f9ff2-7032-7fe8-cdfc-0631a42530d0}.Debug|Any CPU.Build.0 = Debug|Any CPU
		{5413b430-79ca-fd02-63a7-6a4bee49e55e}.Debug|Any CPU.ActiveCfg = Debug|Any CPU
		{5413b430-79ca-fd02-63a7-6a4bee49e55e}.Debug|Any CPU.Build.0 = Debug|Any CPU
		{13d78ba2-55cf-9fc1-01a0-dd3230d05632}.Debug|Any CPU.ActiveCfg = Debug|Any CPU
		{13d78ba2-55cf-9fc1-01a0-dd3230d05632}.Debug|Any CPU.Build.0 = Debug|Any CPU
		{8c613eff-c86a-4562-ed15-f49fa2974772}.Debug|Any CPU.ActiveCfg = Debug|Any CPU
		{8c613eff-c86a-4562-ed15-f49fa2974772}.Debug|Any CPU.Build.0 = Debug|Any CPU
		{79968886-c1fc-d319-7b56-6276c3b02877}.Debug|Any CPU.ActiveCfg = Debug|Any CPU
		{79968886-c1fc-d319-7b56-6276c3b02877}.Debug|Any CPU.Build.0 = Debug|Any CPU
		{2c186294-7386-8363-6634-50e28d23837b}.Debug|Any CPU.ActiveCfg = Debug|Any CPU
		{2c186294-7386-8363-6634-50e28d23837b}.Debug|Any CPU.Build.0 = Debug|Any CPU
		{24dd3c4c-fd8b-dc60-573a-23b6fe864e7f}.Debug|Any CPU.ActiveCfg = Debug|Any CPU
		{24dd3c4c-fd8b-dc60-573a-23b6fe864e7f}.Debug|Any CPU.Build.0 = Debug|Any CPU
		{df1ed5d0-c4de-ce67-009a-3d67bbd32d6d}.Debug|Any CPU.ActiveCfg = Debug|Any CPU
		{df1ed5d0-c4de-ce67-009a-3d67bbd32d6d}.Debug|Any CPU.Build.0 = Debug|Any CPU
		{dc25d6e3-2410-a768-6c62-f26c00be9de8}.Debug|Any CPU.ActiveCfg = Debug|Any CPU
		{dc25d6e3-2410-a768-6c62-f26c00be9de8}.Debug|Any CPU.Build.0 = Debug|Any CPU
		{da99361f-7a77-9bfb-a14a-6411629a3e9d}.Debug|Any CPU.ActiveCfg = Debug|Any CPU
		{da99361f-7a77-9bfb-a14a-6411629a3e9d}.Debug|Any CPU.Build.0 = Debug|Any CPU
		{7350b5ea-c055-c74d-593a-bddd28498591}.Debug|Any CPU.ActiveCfg = Debug|Any CPU
		{7350b5ea-c055-c74d-593a-bddd28498591}.Debug|Any CPU.Build.0 = Debug|Any CPU
		{380540ba-4cb4-488e-6256-05dc439a4c6a}.Debug|Any CPU.ActiveCfg = Debug|Any CPU
		{380540ba-4cb4-488e-6256-05dc439a4c6a}.Debug|Any CPU.Build.0 = Debug|Any CPU
		{de38a281-a8ed-ccf2-d386-a3e1693ee0aa}.Debug|Any CPU.ActiveCfg = Debug|Any CPU
		{de38a281-a8ed-ccf2-d386-a3e1693ee0aa}.Debug|Any CPU.Build.0 = Debug|Any CPU
		{c30ee25a-fd73-539c-2889-5d01edb3b128}.Debug|Any CPU.ActiveCfg = Debug|Any CPU
		{c30ee25a-fd73-539c-2889-5d01edb3b128}.Debug|Any CPU.Build.0 = Debug|Any CPU
		{aefd6666-f96e-fbee-4a7c-45733cee2010}.Debug|Any CPU.ActiveCfg = Debug|Any CPU
		{aefd6666-f96e-fbee-4a7c-45733cee2010}.Debug|Any CPU.Build.0 = Debug|Any CPU
		{cd5165ac-a087-6f39-d958-4c53697bdc0a}.Debug|Any CPU.ActiveCfg = Debug|Any CPU
		{cd5165ac-a087-6f39-d958-4c53697bdc0a}.Debug|Any CPU.Build.0 = Debug|Any CPU
		{3fc94c51-252b-8182-77fa-c8d362707cfa}.Debug|Any CPU.ActiveCfg = Debug|Any CPU
		{3fc94c51-252b-8182-77fa-c8d362707cfa}.Debug|Any CPU.Build.0 = Debug|Any CPU
		{a841c93e-bb35-4d12-97ef-281c06e988fa}.Debug|Any CPU.ActiveCfg = Debug|Any CPU
		{a841c93e-bb35-4d12-97ef-281c06e988fa}.Debug|Any CPU.Build.0 = Debug|Any CPU
		{4a12c0f0-e550-6404-0c60-583660a19bb2}.Debug|Any CPU.ActiveCfg = Debug|Any CPU
		{4a12c0f0-e550-6404-0c60-583660a19bb2}.Debug|Any CPU.Build.0 = Debug|Any CPU
		{39ace3b6-964d-b88b-ec6e-811a89cc8d07}.Debug|Any CPU.ActiveCfg = Debug|Any CPU
		{39ace3b6-964d-b88b-ec6e-811a89cc8d07}.Debug|Any CPU.Build.0 = Debug|Any CPU
		{09698a5f-c157-1fe2-4ce7-4834a7fad806}.Debug|Any CPU.ActiveCfg = Debug|Any CPU
		{09698a5f-c157-1fe2-4ce7-4834a7fad806}.Debug|Any CPU.Build.0 = Debug|Any CPU
		{51c037d2-5a15-ab99-f34e-004ecac7881e}.Debug|Any CPU.ActiveCfg = Debug|Any CPU
		{51c037d2-5a15-ab99-f34e-004ecac7881e}.Debug|Any CPU.Build.0 = Debug|Any CPU
		{47fa2928-ccab-5a20-ae5f-3fe2d1e23097}.Debug|Any CPU.ActiveCfg = Debug|Any CPU
		{47fa2928-ccab-5a20-ae5f-3fe2d1e23097}.Debug|Any CPU.Build.0 = Debug|Any CPU
		{692b759a-87cf-2964-e92f-1d5bfe50d491}.Debug|Any CPU.ActiveCfg = Debug|Any CPU
		{692b759a-87cf-2964-e92f-1d5bfe50d491}.Debug|Any CPU.Build.0 = Debug|Any CPU
		{f2843408-ba84-a51e-d77b-0f62e82c61a2}.Debug|Any CPU.ActiveCfg = Debug|Any CPU
		{f2843408-ba84-a51e-d77b-0f62e82c61a2}.Debug|Any CPU.Build.0 = Debug|Any CPU
		{a57b6471-2549-7e9b-ffe6-66babf9f2763}.Debug|Any CPU.ActiveCfg = Debug|Any CPU
		{a57b6471-2549-7e9b-ffe6-66babf9f2763}.Debug|Any CPU.Build.0 = Debug|Any CPU
		{c00f5923-a681-f336-f486-cc4416e0d240}.Debug|Any CPU.ActiveCfg = Debug|Any CPU
		{c00f5923-a681-f336-f486-cc4416e0d240}.Debug|Any CPU.Build.0 = Debug|Any CPU
		{5fbfac8a-c537-8833-ec22-7ea455f27de1}.Debug|Any CPU.ActiveCfg = Debug|Any CPU
		{5fbfac8a-c537-8833-ec22-7ea455f27de1}.Debug|Any CPU.Build.0 = Debug|Any CPU
		{62701d3d-128f-363e-b3dc-eea7820d95ec}.Debug|Any CPU.ActiveCfg = Debug|Any CPU
		{62701d3d-128f-363e-b3dc-eea7820d95ec}.Debug|Any CPU.Build.0 = Debug|Any CPU
		{d2535020-1ea0-0e9e-4c65-7848d54d1aef}.Debug|Any CPU.ActiveCfg = Debug|Any CPU
		{d2535020-1ea0-0e9e-4c65-7848d54d1aef}.Debug|Any CPU.Build.0 = Debug|Any CPU
		{4e01e3d7-bc2d-c9ec-32f6-d3a67fe2b716}.Debug|Any CPU.ActiveCfg = Debug|Any CPU
		{4e01e3d7-bc2d-c9ec-32f6-d3a67fe2b716}.Debug|Any CPU.Build.0 = Debug|Any CPU
		{1d4d059d-2318-bdb5-b3c1-99dd57d155d9}.Debug|Any CPU.ActiveCfg = Debug|Any CPU
		{1d4d059d-2318-bdb5-b3c1-99dd57d155d9}.Debug|Any CPU.Build.0 = Debug|Any CPU
		{2d248106-0f72-cab8-2f00-3034fcb69118}.Debug|Any CPU.ActiveCfg = Debug|Any CPU
		{2d248106-0f72-cab8-2f00-3034fcb69118}.Debug|Any CPU.Build.0 = Debug|Any CPU
		{92c08f5a-66bc-cde5-0d26-13b48258345a}.Debug|Any CPU.ActiveCfg = Debug|Any CPU
		{92c08f5a-66bc-cde5-0d26-13b48258345a}.Debug|Any CPU.Build.0 = Debug|Any CPU
		{e72d2e39-3ad9-2f38-9967-fa0dbf7ac016}.Debug|Any CPU.ActiveCfg = Debug|Any CPU
		{e72d2e39-3ad9-2f38-9967-fa0dbf7ac016}.Debug|Any CPU.Build.0 = Debug|Any CPU
		{817aa190-1df4-4c69-dff5-a7bc16e6cda1}.Debug|Any CPU.ActiveCfg = Debug|Any CPU
		{817aa190-1df4-4c69-dff5-a7bc16e6cda1}.Debug|Any CPU.Build.0 = Debug|Any CPU
		{b522b081-8072-391e-9370-846254474e8b}.Debug|Any CPU.ActiveCfg = Debug|Any CPU
		{b522b081-8072-391e-9370-846254474e8b}.Debug|Any CPU.Build.0 = Debug|Any CPU
		{b276697c-4838-acaf-4897-246bb7e912de}.Debug|Any CPU.ActiveCfg = Debug|Any CPU
		{b276697c-4838-acaf-4897-246bb7e912de}.Debug|Any CPU.Build.0 = Debug|Any CPU
		{563a752d-1f9f-c622-4265-7a1424b73f50}.Debug|Any CPU.ActiveCfg = Debug|Any CPU
		{563a752d-1f9f-c622-4265-7a1424b73f50}.Debug|Any CPU.Build.0 = Debug|Any CPU
		{11ed3a1d-d960-1240-1975-a02fe288ace5}.Debug|Any CPU.ActiveCfg = Debug|Any CPU
		{11ed3a1d-d960-1240-1975-a02fe288ace5}.Debug|Any CPU.Build.0 = Debug|Any CPU
		{9d56ea12-4f76-8310-5e60-5762fbc441c7}.Debug|Any CPU.ActiveCfg = Debug|Any CPU
		{9d56ea12-4f76-8310-5e60-5762fbc441c7}.Debug|Any CPU.Build.0 = Debug|Any CPU
		{6756e201-d685-fb9e-b2ac-3536553a61d8}.Debug|Any CPU.ActiveCfg = Debug|Any CPU
		{6756e201-d685-fb9e-b2ac-3536553a61d8}.Debug|Any CPU.Build.0 = Debug|Any CPU
	EndGlobalSection
	GlobalSection(SolutionProperties) = preSolution
		HideSolutionNode = FALSE
	EndGlobalSection
EndGlobal
